
Microsoft Visual Studio Solution File, Format Version 12.00
# Visual Studio 15
VisualStudioVersion = 15.0.26124.0
MinimumVisualStudioVersion = 15.0.26124.0
Project("{FAE04EC0-301F-11D3-BF4B-00C04F79EFBC}") = "Avalier.Busk.Client", "Avalier.Busk.Client\Avalier.Busk.Client.csproj", "{9D98DAC7-EDA0-42AB-A927-084EFCFE26FA}"
EndProject
Project("{FAE04EC0-301F-11D3-BF4B-00C04F79EFBC}") = "Avalier.Busk.Contracts", "Avalier.Busk.Contracts\Avalier.Busk.Contracts.csproj", "{447E422C-42B1-4920-96EF-7AC2276AB170}"
EndProject
Project("{FAE04EC0-301F-11D3-BF4B-00C04F79EFBC}") = "Avalier.Busk.Example.Host", "Avalier.Busk.Example.Host\Avalier.Busk.Example.Host.csproj", "{73F20E7D-6079-45CE-B3A3-41C47B610FEF}"
EndProject
Global
	GlobalSection(SolutionConfigurationPlatforms) = preSolution
		Debug|Any CPU = Debug|Any CPU
		Debug|x64 = Debug|x64
		Debug|x86 = Debug|x86
		Release|Any CPU = Release|Any CPU
		Release|x64 = Release|x64
		Release|x86 = Release|x86
	EndGlobalSection
	GlobalSection(SolutionProperties) = preSolution
		HideSolutionNode = FALSE
	EndGlobalSection
	GlobalSection(ProjectConfigurationPlatforms) = postSolution
		{9D98DAC7-EDA0-42AB-A927-084EFCFE26FA}.Debug|Any CPU.ActiveCfg = Debug|Any CPU
		{9D98DAC7-EDA0-42AB-A927-084EFCFE26FA}.Debug|Any CPU.Build.0 = Debug|Any CPU
		{9D98DAC7-EDA0-42AB-A927-084EFCFE26FA}.Debug|x64.ActiveCfg = Debug|Any CPU
		{9D98DAC7-EDA0-42AB-A927-084EFCFE26FA}.Debug|x64.Build.0 = Debug|Any CPU
		{9D98DAC7-EDA0-42AB-A927-084EFCFE26FA}.Debug|x86.ActiveCfg = Debug|Any CPU
		{9D98DAC7-EDA0-42AB-A927-084EFCFE26FA}.Debug|x86.Build.0 = Debug|Any CPU
		{9D98DAC7-EDA0-42AB-A927-084EFCFE26FA}.Release|Any CPU.ActiveCfg = Release|Any CPU
		{9D98DAC7-EDA0-42AB-A927-084EFCFE26FA}.Release|Any CPU.Build.0 = Release|Any CPU
		{9D98DAC7-EDA0-42AB-A927-084EFCFE26FA}.Release|x64.ActiveCfg = Release|Any CPU
		{9D98DAC7-EDA0-42AB-A927-084EFCFE26FA}.Release|x64.Build.0 = Release|Any CPU
		{9D98DAC7-EDA0-42AB-A927-084EFCFE26FA}.Release|x86.ActiveCfg = Release|Any CPU
		{9D98DAC7-EDA0-42AB-A927-084EFCFE26FA}.Release|x86.Build.0 = Release|Any CPU
		{447E422C-42B1-4920-96EF-7AC2276AB170}.Debug|Any CPU.ActiveCfg = Debug|Any CPU
		{447E422C-42B1-4920-96EF-7AC2276AB170}.Debug|Any CPU.Build.0 = Debug|Any CPU
		{447E422C-42B1-4920-96EF-7AC2276AB170}.Debug|x64.ActiveCfg = Debug|Any CPU
		{447E422C-42B1-4920-96EF-7AC2276AB170}.Debug|x64.Build.0 = Debug|Any CPU
		{447E422C-42B1-4920-96EF-7AC2276AB170}.Debug|x86.ActiveCfg = Debug|Any CPU
		{447E422C-42B1-4920-96EF-7AC2276AB170}.Debug|x86.Build.0 = Debug|Any CPU
		{447E422C-42B1-4920-96EF-7AC2276AB170}.Release|Any CPU.ActiveCfg = Release|Any CPU
		{447E422C-42B1-4920-96EF-7AC2276AB170}.Release|Any CPU.Build.0 = Release|Any CPU
		{447E422C-42B1-4920-96EF-7AC2276AB170}.Release|x64.ActiveCfg = Release|Any CPU
		{447E422C-42B1-4920-96EF-7AC2276AB170}.Release|x64.Build.0 = Release|Any CPU
		{447E422C-42B1-4920-96EF-7AC2276AB170}.Release|x86.ActiveCfg = Release|Any CPU
		{447E422C-42B1-4920-96EF-7AC2276AB170}.Release|x86.Build.0 = Release|Any CPU
		{73F20E7D-6079-45CE-B3A3-41C47B610FEF}.Debug|Any CPU.ActiveCfg = Debug|Any CPU
		{73F20E7D-6079-45CE-B3A3-41C47B610FEF}.Debug|Any CPU.Build.0 = Debug|Any CPU
		{73F20E7D-6079-45CE-B3A3-41C47B610FEF}.Debug|x64.ActiveCfg = Debug|Any CPU
		{73F20E7D-6079-45CE-B3A3-41C47B610FEF}.Debug|x64.Build.0 = Debug|Any CPU
		{73F20E7D-6079-45CE-B3A3-41C47B610FEF}.Debug|x86.ActiveCfg = Debug|Any CPU
		{73F20E7D-6079-45CE-B3A3-41C47B610FEF}.Debug|x86.Build.0 = Debug|Any CPU
		{73F20E7D-6079-45CE-B3A3-41C47B610FEF}.Release|Any CPU.ActiveCfg = Release|Any CPU
		{73F20E7D-6079-45CE-B3A3-41C47B610FEF}.Release|Any CPU.Build.0 = Release|Any CPU
		{73F20E7D-6079-45CE-B3A3-41C47B610FEF}.Release|x64.ActiveCfg = Release|Any CPU
		{73F20E7D-6079-45CE-B3A3-41C47B610FEF}.Release|x64.Build.0 = Release|Any CPU
		{73F20E7D-6079-45CE-B3A3-41C47B610FEF}.Release|x86.ActiveCfg = Release|Any CPU
		{73F20E7D-6079-45CE-B3A3-41C47B610FEF}.Release|x86.Build.0 = Release|Any CPU
	EndGlobalSection
	GlobalSection(NestedProjects) = preSolution
	EndGlobalSection
EndGlobal
