
Microsoft Visual Studio Solution File, Format Version 12.00
# Visual Studio 15
VisualStudioVersion = 15.0.26124.0
MinimumVisualStudioVersion = 15.0.26124.0
Project("{FAE04EC0-301F-11D3-BF4B-00C04F79EFBC}") = "Avalier.Busk", "Avalier.Busk\Avalier.Busk.csproj", "{32545DBE-0384-4470-AB36-F43F70C2F6B9}"
EndProject
Project("{FAE04EC0-301F-11D3-BF4B-00C04F79EFBC}") = "Avalier.Busk.Tests", "Avalier.Busk.Tests\Avalier.Busk.Tests.csproj", "{AA9AB873-2F74-4E8F-833A-8EBE9894A168}"
EndProject
Project("{FAE04EC0-301F-11D3-BF4B-00C04F79EFBC}") = "Avalier.Busk.Common", "Avalier.Busk.Common\Avalier.Busk.Common.csproj", "{D1FF59BD-DD4A-4AA1-9624-1C751511F93D}"
EndProject
Project("{FAE04EC0-301F-11D3-BF4B-00C04F79EFBC}") = "Avalier.Busk.InMemory", "Avalier.Busk.InMemory\Avalier.Busk.InMemory.csproj", "{11173112-D282-4C48-B07C-E0FCDC9D191F}"
EndProject
Project("{2150E333-8FDC-42A3-9474-1A3956D46DE8}") = "Providers", "Providers", "{F25E900A-F653-43F4-8516-C750497843A4}"
EndProject
Project("{2150E333-8FDC-42A3-9474-1A3956D46DE8}") = "Testing", "Testing", "{A497FB2F-C7C5-46C0-8B66-CB73475AA8F6}"
EndProject
Project("{FAE04EC0-301F-11D3-BF4B-00C04F79EFBC}") = "Avalier.Busk.Client", "Avalier.Busk.Client\Avalier.Busk.Client.csproj", "{9D98DAC7-EDA0-42AB-A927-084EFCFE26FA}"
EndProject
Project("{FAE04EC0-301F-11D3-BF4B-00C04F79EFBC}") = "Avalier.Busk.Contracts", "Avalier.Busk.Contracts\Avalier.Busk.Contracts.csproj", "{447E422C-42B1-4920-96EF-7AC2276AB170}"
EndProject
Global
	GlobalSection(SolutionConfigurationPlatforms) = preSolution
		Debug|Any CPU = Debug|Any CPU
		Debug|x64 = Debug|x64
		Debug|x86 = Debug|x86
		Release|Any CPU = Release|Any CPU
		Release|x64 = Release|x64
		Release|x86 = Release|x86
	EndGlobalSection
	GlobalSection(SolutionProperties) = preSolution
		HideSolutionNode = FALSE
	EndGlobalSection
	GlobalSection(ProjectConfigurationPlatforms) = postSolution
		{32545DBE-0384-4470-AB36-F43F70C2F6B9}.Debug|Any CPU.ActiveCfg = Debug|Any CPU
		{32545DBE-0384-4470-AB36-F43F70C2F6B9}.Debug|Any CPU.Build.0 = Debug|Any CPU
		{32545DBE-0384-4470-AB36-F43F70C2F6B9}.Debug|x64.ActiveCfg = Debug|Any CPU
		{32545DBE-0384-4470-AB36-F43F70C2F6B9}.Debug|x64.Build.0 = Debug|Any CPU
		{32545DBE-0384-4470-AB36-F43F70C2F6B9}.Debug|x86.ActiveCfg = Debug|Any CPU
		{32545DBE-0384-4470-AB36-F43F70C2F6B9}.Debug|x86.Build.0 = Debug|Any CPU
		{32545DBE-0384-4470-AB36-F43F70C2F6B9}.Release|Any CPU.ActiveCfg = Release|Any CPU
		{32545DBE-0384-4470-AB36-F43F70C2F6B9}.Release|Any CPU.Build.0 = Release|Any CPU
		{32545DBE-0384-4470-AB36-F43F70C2F6B9}.Release|x64.ActiveCfg = Release|Any CPU
		{32545DBE-0384-4470-AB36-F43F70C2F6B9}.Release|x64.Build.0 = Release|Any CPU
		{32545DBE-0384-4470-AB36-F43F70C2F6B9}.Release|x86.ActiveCfg = Release|Any CPU
		{32545DBE-0384-4470-AB36-F43F70C2F6B9}.Release|x86.Build.0 = Release|Any CPU
		{AA9AB873-2F74-4E8F-833A-8EBE9894A168}.Debug|Any CPU.ActiveCfg = Debug|Any CPU
		{AA9AB873-2F74-4E8F-833A-8EBE9894A168}.Debug|Any CPU.Build.0 = Debug|Any CPU
		{AA9AB873-2F74-4E8F-833A-8EBE9894A168}.Debug|x64.ActiveCfg = Debug|Any CPU
		{AA9AB873-2F74-4E8F-833A-8EBE9894A168}.Debug|x64.Build.0 = Debug|Any CPU
		{AA9AB873-2F74-4E8F-833A-8EBE9894A168}.Debug|x86.ActiveCfg = Debug|Any CPU
		{AA9AB873-2F74-4E8F-833A-8EBE9894A168}.Debug|x86.Build.0 = Debug|Any CPU
		{AA9AB873-2F74-4E8F-833A-8EBE9894A168}.Release|Any CPU.ActiveCfg = Release|Any CPU
		{AA9AB873-2F74-4E8F-833A-8EBE9894A168}.Release|Any CPU.Build.0 = Release|Any CPU
		{AA9AB873-2F74-4E8F-833A-8EBE9894A168}.Release|x64.ActiveCfg = Release|Any CPU
		{AA9AB873-2F74-4E8F-833A-8EBE9894A168}.Release|x64.Build.0 = Release|Any CPU
		{AA9AB873-2F74-4E8F-833A-8EBE9894A168}.Release|x86.ActiveCfg = Release|Any CPU
		{AA9AB873-2F74-4E8F-833A-8EBE9894A168}.Release|x86.Build.0 = Release|Any CPU
		{D1FF59BD-DD4A-4AA1-9624-1C751511F93D}.Debug|Any CPU.ActiveCfg = Debug|Any CPU
		{D1FF59BD-DD4A-4AA1-9624-1C751511F93D}.Debug|Any CPU.Build.0 = Debug|Any CPU
		{D1FF59BD-DD4A-4AA1-9624-1C751511F93D}.Debug|x64.ActiveCfg = Debug|Any CPU
		{D1FF59BD-DD4A-4AA1-9624-1C751511F93D}.Debug|x64.Build.0 = Debug|Any CPU
		{D1FF59BD-DD4A-4AA1-9624-1C751511F93D}.Debug|x86.ActiveCfg = Debug|Any CPU
		{D1FF59BD-DD4A-4AA1-9624-1C751511F93D}.Debug|x86.Build.0 = Debug|Any CPU
		{D1FF59BD-DD4A-4AA1-9624-1C751511F93D}.Release|Any CPU.ActiveCfg = Release|Any CPU
		{D1FF59BD-DD4A-4AA1-9624-1C751511F93D}.Release|Any CPU.Build.0 = Release|Any CPU
		{D1FF59BD-DD4A-4AA1-9624-1C751511F93D}.Release|x64.ActiveCfg = Release|Any CPU
		{D1FF59BD-DD4A-4AA1-9624-1C751511F93D}.Release|x64.Build.0 = Release|Any CPU
		{D1FF59BD-DD4A-4AA1-9624-1C751511F93D}.Release|x86.ActiveCfg = Release|Any CPU
		{D1FF59BD-DD4A-4AA1-9624-1C751511F93D}.Release|x86.Build.0 = Release|Any CPU
		{11173112-D282-4C48-B07C-E0FCDC9D191F}.Debug|Any CPU.ActiveCfg = Debug|Any CPU
		{11173112-D282-4C48-B07C-E0FCDC9D191F}.Debug|Any CPU.Build.0 = Debug|Any CPU
		{11173112-D282-4C48-B07C-E0FCDC9D191F}.Debug|x64.ActiveCfg = Debug|Any CPU
		{11173112-D282-4C48-B07C-E0FCDC9D191F}.Debug|x64.Build.0 = Debug|Any CPU
		{11173112-D282-4C48-B07C-E0FCDC9D191F}.Debug|x86.ActiveCfg = Debug|Any CPU
		{11173112-D282-4C48-B07C-E0FCDC9D191F}.Debug|x86.Build.0 = Debug|Any CPU
		{11173112-D282-4C48-B07C-E0FCDC9D191F}.Release|Any CPU.ActiveCfg = Release|Any CPU
		{11173112-D282-4C48-B07C-E0FCDC9D191F}.Release|Any CPU.Build.0 = Release|Any CPU
		{11173112-D282-4C48-B07C-E0FCDC9D191F}.Release|x64.ActiveCfg = Release|Any CPU
		{11173112-D282-4C48-B07C-E0FCDC9D191F}.Release|x64.Build.0 = Release|Any CPU
		{11173112-D282-4C48-B07C-E0FCDC9D191F}.Release|x86.ActiveCfg = Release|Any CPU
		{11173112-D282-4C48-B07C-E0FCDC9D191F}.Release|x86.Build.0 = Release|Any CPU
		{9D98DAC7-EDA0-42AB-A927-084EFCFE26FA}.Debug|Any CPU.ActiveCfg = Debug|Any CPU
		{9D98DAC7-EDA0-42AB-A927-084EFCFE26FA}.Debug|Any CPU.Build.0 = Debug|Any CPU
		{9D98DAC7-EDA0-42AB-A927-084EFCFE26FA}.Debug|x64.ActiveCfg = Debug|Any CPU
		{9D98DAC7-EDA0-42AB-A927-084EFCFE26FA}.Debug|x64.Build.0 = Debug|Any CPU
		{9D98DAC7-EDA0-42AB-A927-084EFCFE26FA}.Debug|x86.ActiveCfg = Debug|Any CPU
		{9D98DAC7-EDA0-42AB-A927-084EFCFE26FA}.Debug|x86.Build.0 = Debug|Any CPU
		{9D98DAC7-EDA0-42AB-A927-084EFCFE26FA}.Release|Any CPU.ActiveCfg = Release|Any CPU
		{9D98DAC7-EDA0-42AB-A927-084EFCFE26FA}.Release|Any CPU.Build.0 = Release|Any CPU
		{9D98DAC7-EDA0-42AB-A927-084EFCFE26FA}.Release|x64.ActiveCfg = Release|Any CPU
		{9D98DAC7-EDA0-42AB-A927-084EFCFE26FA}.Release|x64.Build.0 = Release|Any CPU
		{9D98DAC7-EDA0-42AB-A927-084EFCFE26FA}.Release|x86.ActiveCfg = Release|Any CPU
		{9D98DAC7-EDA0-42AB-A927-084EFCFE26FA}.Release|x86.Build.0 = Release|Any CPU
		{447E422C-42B1-4920-96EF-7AC2276AB170}.Debug|Any CPU.ActiveCfg = Debug|Any CPU
		{447E422C-42B1-4920-96EF-7AC2276AB170}.Debug|Any CPU.Build.0 = Debug|Any CPU
		{447E422C-42B1-4920-96EF-7AC2276AB170}.Debug|x64.ActiveCfg = Debug|Any CPU
		{447E422C-42B1-4920-96EF-7AC2276AB170}.Debug|x64.Build.0 = Debug|Any CPU
		{447E422C-42B1-4920-96EF-7AC2276AB170}.Debug|x86.ActiveCfg = Debug|Any CPU
		{447E422C-42B1-4920-96EF-7AC2276AB170}.Debug|x86.Build.0 = Debug|Any CPU
		{447E422C-42B1-4920-96EF-7AC2276AB170}.Release|Any CPU.ActiveCfg = Release|Any CPU
		{447E422C-42B1-4920-96EF-7AC2276AB170}.Release|Any CPU.Build.0 = Release|Any CPU
		{447E422C-42B1-4920-96EF-7AC2276AB170}.Release|x64.ActiveCfg = Release|Any CPU
		{447E422C-42B1-4920-96EF-7AC2276AB170}.Release|x64.Build.0 = Release|Any CPU
		{447E422C-42B1-4920-96EF-7AC2276AB170}.Release|x86.ActiveCfg = Release|Any CPU
		{447E422C-42B1-4920-96EF-7AC2276AB170}.Release|x86.Build.0 = Release|Any CPU
	EndGlobalSection
	GlobalSection(NestedProjects) = preSolution
		{11173112-D282-4C48-B07C-E0FCDC9D191F} = {F25E900A-F653-43F4-8516-C750497843A4}
		{AA9AB873-2F74-4E8F-833A-8EBE9894A168} = {A497FB2F-C7C5-46C0-8B66-CB73475AA8F6}
	EndGlobalSection
EndGlobal
